// !$*UTF8*$!
{
	archiveVersion = 1;
	classes = {
	};
	objectVersion = 48;
	objects = {

/* Begin PBXBuildFile section */
		0416E67B2A8C74A1002B570A /* libskegn-iphonesimulator.a in Frameworks */ = {isa = PBXBuildFile; fileRef = 0416E6742A8C74A0002B570A /* libskegn-iphonesimulator.a */; };
		0416E67C2A8C74A1002B570A /* native_cn.res in Resources */ = {isa = PBXBuildFile; fileRef = 0416E6762A8C74A1002B570A /* native_cn.res */; };
		0416E67D2A8C74A1002B570A /* libskegn-iphoneos.a in Frameworks */ = {isa = PBXBuildFile; fileRef = 0416E6772A8C74A1002B570A /* libskegn-iphoneos.a */; };
		0416E67E2A8C74A1002B570A /* native.res in Resources */ = {isa = PBXBuildFile; fileRef = 0416E6792A8C74A1002B570A /* native.res */; };
		0463B77C2A8C725500DCA464 /* libc++.1.tbd in Frameworks */ = {isa = PBXBuildFile; fileRef = 0463B77B2A8C725500DCA464 /* libc++.1.tbd */; };
		24F0681D2088977700944108 /* EvalEngine.bundle in Resources */ = {isa = PBXBuildFile; fileRef = 24F0681C2088977700944108 /* EvalEngine.bundle */; };
		24F0681F2088987F00944108 /* Test.mm in Sources */ = {isa = PBXBuildFile; fileRef = 24F0681E2088987F00944108 /* Test.mm */; };
		24F663271FDBB09400860C94 /* AudioToolbox.framework in Frameworks */ = {isa = PBXBuildFile; fileRef = 24F663251FDBB05600860C94 /* AudioToolbox.framework */; };
		24F663281FDBB09700860C94 /* Accelerate.framework in Frameworks */ = {isa = PBXBuildFile; fileRef = 24F663241FDBB04E00860C94 /* Accelerate.framework */; };
		24F663291FDBB09A00860C94 /* CFNetwork.framework in Frameworks */ = {isa = PBXBuildFile; fileRef = 24F663231FDBB04700860C94 /* CFNetwork.framework */; };
		24F6632A1FDBB09D00860C94 /* SystemConfiguration.framework in Frameworks */ = {isa = PBXBuildFile; fileRef = 24F663221FDBB03900860C94 /* SystemConfiguration.framework */; };
		24F6632B1FDBB09F00860C94 /* Security.framework in Frameworks */ = {isa = PBXBuildFile; fileRef = 24F663211FDBB03000860C94 /* Security.framework */; };
		24F6632C1FDBB0A100860C94 /* CoreGraphics.framework in Frameworks */ = {isa = PBXBuildFile; fileRef = 24F663201FDBB01E00860C94 /* CoreGraphics.framework */; };
		24F6632D1FDBB0A300860C94 /* libz.1.tbd in Frameworks */ = {isa = PBXBuildFile; fileRef = 24F663261FDBB05E00860C94 /* libz.1.tbd */; };
		24F6632F1FDBB0DE00860C94 /* Foundation.framework in Frameworks */ = {isa = PBXBuildFile; fileRef = 24F6632E1FDBB0D900860C94 /* Foundation.framework */; };
		24F663341FDBB73900860C94 /* TestTableViewCell.swift in Sources */ = {isa = PBXBuildFile; fileRef = 24F663331FDBB73900860C94 /* TestTableViewCell.swift */; };
		24FC03AA1FD6853400B79932 /* AppDelegate.swift in Sources */ = {isa = PBXBuildFile; fileRef = 24FC03A91FD6853400B79932 /* AppDelegate.swift */; };
		24FC03AC1FD6853400B79932 /* ViewController.swift in Sources */ = {isa = PBXBuildFile; fileRef = 24FC03AB1FD6853400B79932 /* ViewController.swift */; };
		24FC03AF1FD6853500B79932 /* Main.storyboard in Resources */ = {isa = PBXBuildFile; fileRef = 24FC03AD1FD6853500B79932 /* Main.storyboard */; };
		24FC03B11FD6853500B79932 /* Assets.xcassets in Resources */ = {isa = PBXBuildFile; fileRef = 24FC03B01FD6853500B79932 /* Assets.xcassets */; };
		24FC03B41FD6853500B79932 /* LaunchScreen.storyboard in Resources */ = {isa = PBXBuildFile; fileRef = 24FC03B21FD6853500B79932 /* LaunchScreen.storyboard */; };
		24FC03BF1FD6853500B79932 /* SwiftDemoTests.swift in Sources */ = {isa = PBXBuildFile; fileRef = 24FC03BE1FD6853500B79932 /* SwiftDemoTests.swift */; };
		24FC03CA1FD6853500B79932 /* SwiftDemoUITests.swift in Sources */ = {isa = PBXBuildFile; fileRef = 24FC03C91FD6853500B79932 /* SwiftDemoUITests.swift */; };
		24FC03D91FD68B4F00B79932 /* TestViewController.swift in Sources */ = {isa = PBXBuildFile; fileRef = 24FC03D81FD68B4F00B79932 /* TestViewController.swift */; };
/* End PBXBuildFile section */

/* Begin PBXContainerItemProxy section */
		24FC03BB1FD6853500B79932 /* PBXContainerItemProxy */ = {
			isa = PBXContainerItemProxy;
			containerPortal = 24FC039E1FD6853400B79932 /* Project object */;
			proxyType = 1;
			remoteGlobalIDString = 24FC03A51FD6853400B79932;
			remoteInfo = SwiftDemo;
		};
		24FC03C61FD6853500B79932 /* PBXContainerItemProxy */ = {
			isa = PBXContainerItemProxy;
			containerPortal = 24FC039E1FD6853400B79932 /* Project object */;
			proxyType = 1;
			remoteGlobalIDString = 24FC03A51FD6853400B79932;
			remoteInfo = SwiftDemo;
		};
/* End PBXContainerItemProxy section */

/* Begin PBXFileReference section */
		0416E6742A8C74A0002B570A /* libskegn-iphonesimulator.a */ = {isa = PBXFileReference; lastKnownFileType = archive.ar; path = "libskegn-iphonesimulator.a"; sourceTree = "<group>"; };
		0416E6752A8C74A1002B570A /* skegn.h */ = {isa = PBXFileReference; fileEncoding = 4; lastKnownFileType = sourcecode.c.h; path = skegn.h; sourceTree = "<group>"; };
		0416E6762A8C74A1002B570A /* native_cn.res */ = {isa = PBXFileReference; lastKnownFileType = file; path = native_cn.res; sourceTree = "<group>"; };
		0416E6772A8C74A1002B570A /* libskegn-iphoneos.a */ = {isa = PBXFileReference; lastKnownFileType = archive.ar; path = "libskegn-iphoneos.a"; sourceTree = "<group>"; };
		0416E6782A8C74A1002B570A /* swiftdemo-Bridging-Header.h */ = {isa = PBXFileReference; fileEncoding = 4; lastKnownFileType = sourcecode.c.h; path = "swiftdemo-Bridging-Header.h"; sourceTree = "<group>"; };
		0416E6792A8C74A1002B570A /* native.res */ = {isa = PBXFileReference; lastKnownFileType = file; path = native.res; sourceTree = "<group>"; };
		0416E67A2A8C74A1002B570A /* skegn_errno.h */ = {isa = PBXFileReference; fileEncoding = 4; lastKnownFileType = sourcecode.c.h; path = skegn_errno.h; sourceTree = "<group>"; };
		0463B77B2A8C725500DCA464 /* libc++.1.tbd */ = {isa = PBXFileReference; lastKnownFileType = "sourcecode.text-based-dylib-definition"; name = "libc++.1.tbd"; path = "usr/lib/libc++.1.tbd"; sourceTree = SDKROOT; };
		24F0681C2088977700944108 /* EvalEngine.bundle */ = {isa = PBXFileReference; lastKnownFileType = "wrapper.plug-in"; path = EvalEngine.bundle; sourceTree = "<group>"; };
		24F0681E2088987F00944108 /* Test.mm */ = {isa = PBXFileReference; lastKnownFileType = sourcecode.cpp.objcpp; path = Test.mm; sourceTree = "<group>"; };
		24F663201FDBB01E00860C94 /* CoreGraphics.framework */ = {isa = PBXFileReference; lastKnownFileType = wrapper.framework; name = CoreGraphics.framework; path = System/Library/Frameworks/CoreGraphics.framework; sourceTree = SDKROOT; };
		24F663211FDBB03000860C94 /* Security.framework */ = {isa = PBXFileReference; lastKnownFileType = wrapper.framework; name = Security.framework; path = System/Library/Frameworks/Security.framework; sourceTree = SDKROOT; };
		24F663221FDBB03900860C94 /* SystemConfiguration.framework */ = {isa = PBXFileReference; lastKnownFileType = wrapper.framework; name = SystemConfiguration.framework; path = System/Library/Frameworks/SystemConfiguration.framework; sourceTree = SDKROOT; };
		24F663231FDBB04700860C94 /* CFNetwork.framework */ = {isa = PBXFileReference; lastKnownFileType = wrapper.framework; name = CFNetwork.framework; path = System/Library/Frameworks/CFNetwork.framework; sourceTree = SDKROOT; };
		24F663241FDBB04E00860C94 /* Accelerate.framework */ = {isa = PBXFileReference; lastKnownFileType = wrapper.framework; name = Accelerate.framework; path = System/Library/Frameworks/Accelerate.framework; sourceTree = SDKROOT; };
		24F663251FDBB05600860C94 /* AudioToolbox.framework */ = {isa = PBXFileReference; lastKnownFileType = wrapper.framework; name = AudioToolbox.framework; path = System/Library/Frameworks/AudioToolbox.framework; sourceTree = SDKROOT; };
		24F663261FDBB05E00860C94 /* libz.1.tbd */ = {isa = PBXFileReference; lastKnownFileType = "sourcecode.text-based-dylib-definition"; name = libz.1.tbd; path = usr/lib/libz.1.tbd; sourceTree = SDKROOT; };
		24F6632E1FDBB0D900860C94 /* Foundation.framework */ = {isa = PBXFileReference; lastKnownFileType = wrapper.framework; name = Foundation.framework; path = System/Library/Frameworks/Foundation.framework; sourceTree = SDKROOT; };
		24F663331FDBB73900860C94 /* TestTableViewCell.swift */ = {isa = PBXFileReference; lastKnownFileType = sourcecode.swift; path = TestTableViewCell.swift; sourceTree = "<group>"; };
		24FC03A61FD6853400B79932 /* SwiftDemo.app */ = {isa = PBXFileReference; explicitFileType = wrapper.application; includeInIndex = 0; path = SwiftDemo.app; sourceTree = BUILT_PRODUCTS_DIR; };
		24FC03A91FD6853400B79932 /* AppDelegate.swift */ = {isa = PBXFileReference; lastKnownFileType = sourcecode.swift; path = AppDelegate.swift; sourceTree = "<group>"; };
		24FC03AB1FD6853400B79932 /* ViewController.swift */ = {isa = PBXFileReference; lastKnownFileType = sourcecode.swift; path = ViewController.swift; sourceTree = "<group>"; };
		24FC03AE1FD6853500B79932 /* Base */ = {isa = PBXFileReference; lastKnownFileType = file.storyboard; name = Base; path = Base.lproj/Main.storyboard; sourceTree = "<group>"; };
		24FC03B01FD6853500B79932 /* Assets.xcassets */ = {isa = PBXFileReference; lastKnownFileType = folder.assetcatalog; path = Assets.xcassets; sourceTree = "<group>"; };
		24FC03B31FD6853500B79932 /* Base */ = {isa = PBXFileReference; lastKnownFileType = file.storyboard; name = Base; path = Base.lproj/LaunchScreen.storyboard; sourceTree = "<group>"; };
		24FC03B51FD6853500B79932 /* Info.plist */ = {isa = PBXFileReference; lastKnownFileType = text.plist.xml; path = Info.plist; sourceTree = "<group>"; };
		24FC03BA1FD6853500B79932 /* SwiftDemoTests.xctest */ = {isa = PBXFileReference; explicitFileType = wrapper.cfbundle; includeInIndex = 0; path = SwiftDemoTests.xctest; sourceTree = BUILT_PRODUCTS_DIR; };
		24FC03BE1FD6853500B79932 /* SwiftDemoTests.swift */ = {isa = PBXFileReference; lastKnownFileType = sourcecode.swift; path = SwiftDemoTests.swift; sourceTree = "<group>"; };
		24FC03C01FD6853500B79932 /* Info.plist */ = {isa = PBXFileReference; lastKnownFileType = text.plist.xml; path = Info.plist; sourceTree = "<group>"; };
		24FC03C51FD6853500B79932 /* SwiftDemoUITests.xctest */ = {isa = PBXFileReference; explicitFileType = wrapper.cfbundle; includeInIndex = 0; path = SwiftDemoUITests.xctest; sourceTree = BUILT_PRODUCTS_DIR; };
		24FC03C91FD6853500B79932 /* SwiftDemoUITests.swift */ = {isa = PBXFileReference; lastKnownFileType = sourcecode.swift; path = SwiftDemoUITests.swift; sourceTree = "<group>"; };
		24FC03CB1FD6853500B79932 /* Info.plist */ = {isa = PBXFileReference; lastKnownFileType = text.plist.xml; path = Info.plist; sourceTree = "<group>"; };
		24FC03D81FD68B4F00B79932 /* TestViewController.swift */ = {isa = PBXFileReference; lastKnownFileType = sourcecode.swift; path = TestViewController.swift; sourceTree = "<group>"; };
/* End PBXFileReference section */

/* Begin PBXFrameworksBuildPhase section */
		24FC03A31FD6853400B79932 /* Frameworks */ = {
			isa = PBXFrameworksBuildPhase;
			buildActionMask = 2147483647;
			files = (
				0463B77C2A8C725500DCA464 /* libc++.1.tbd in Frameworks */,
				24F6632F1FDBB0DE00860C94 /* Foundation.framework in Frameworks */,
				24F663291FDBB09A00860C94 /* CFNetwork.framework in Frameworks */,
				24F663271FDBB09400860C94 /* AudioToolbox.framework in Frameworks */,
				24F6632A1FDBB09D00860C94 /* SystemConfiguration.framework in Frameworks */,
				24F663281FDBB09700860C94 /* Accelerate.framework in Frameworks */,
				24F6632C1FDBB0A100860C94 /* CoreGraphics.framework in Frameworks */,
				0416E67B2A8C74A1002B570A /* libskegn-iphonesimulator.a in Frameworks */,
				24F6632D1FDBB0A300860C94 /* libz.1.tbd in Frameworks */,
				24F6632B1FDBB09F00860C94 /* Security.framework in Frameworks */,
				0416E67D2A8C74A1002B570A /* libskegn-iphoneos.a in Frameworks */,
			);
			runOnlyForDeploymentPostprocessing = 0;
		};
		24FC03B71FD6853500B79932 /* Frameworks */ = {
			isa = PBXFrameworksBuildPhase;
			buildActionMask = 2147483647;
			files = (
			);
			runOnlyForDeploymentPostprocessing = 0;
		};
		24FC03C21FD6853500B79932 /* Frameworks */ = {
			isa = PBXFrameworksBuildPhase;
			buildActionMask = 2147483647;
			files = (
			);
			runOnlyForDeploymentPostprocessing = 0;
		};
/* End PBXFrameworksBuildPhase section */

/* Begin PBXGroup section */
		24F068192088974F00944108 /* EvalEngine */ = {
			isa = PBXGroup;
			children = (
				0416E6772A8C74A1002B570A /* libskegn-iphoneos.a */,
				0416E6742A8C74A0002B570A /* libskegn-iphonesimulator.a */,
				0416E6762A8C74A1002B570A /* native_cn.res */,
				0416E6792A8C74A1002B570A /* native.res */,
				0416E67A2A8C74A1002B570A /* skegn_errno.h */,
				0416E6752A8C74A1002B570A /* skegn.h */,
				0416E6782A8C74A1002B570A /* swiftdemo-Bridging-Header.h */,
				24F0681C2088977700944108 /* EvalEngine.bundle */,
			);
			path = EvalEngine;
			sourceTree = "<group>";
		};
		24F6631F1FDBB01D00860C94 /* Frameworks */ = {
			isa = PBXGroup;
			children = (
				0463B77B2A8C725500DCA464 /* libc++.1.tbd */,
				24F6632E1FDBB0D900860C94 /* Foundation.framework */,
				24F663261FDBB05E00860C94 /* libz.1.tbd */,
				24F663251FDBB05600860C94 /* AudioToolbox.framework */,
				24F663241FDBB04E00860C94 /* Accelerate.framework */,
				24F663231FDBB04700860C94 /* CFNetwork.framework */,
				24F663221FDBB03900860C94 /* SystemConfiguration.framework */,
				24F663211FDBB03000860C94 /* Security.framework */,
				24F663201FDBB01E00860C94 /* CoreGraphics.framework */,
			);
			name = Frameworks;
			sourceTree = "<group>";
		};
		24FC039D1FD6853400B79932 = {
			isa = PBXGroup;
			children = (
				24FC03A81FD6853400B79932 /* SwiftDemo */,
				24FC03BD1FD6853500B79932 /* SwiftDemoTests */,
				24FC03C81FD6853500B79932 /* SwiftDemoUITests */,
				24FC03A71FD6853400B79932 /* Products */,
				24F6631F1FDBB01D00860C94 /* Frameworks */,
			);
			sourceTree = "<group>";
		};
		24FC03A71FD6853400B79932 /* Products */ = {
			isa = PBXGroup;
			children = (
				24FC03A61FD6853400B79932 /* SwiftDemo.app */,
				24FC03BA1FD6853500B79932 /* SwiftDemoTests.xctest */,
				24FC03C51FD6853500B79932 /* SwiftDemoUITests.xctest */,
			);
			name = Products;
			sourceTree = "<group>";
		};
		24FC03A81FD6853400B79932 /* SwiftDemo */ = {
			isa = PBXGroup;
			children = (
				24F068192088974F00944108 /* EvalEngine */,
				24FC03A91FD6853400B79932 /* AppDelegate.swift */,
				24FC03AB1FD6853400B79932 /* ViewController.swift */,
				24F0681E2088987F00944108 /* Test.mm */,
				24FC03D71FD68B3700B79932 /* EvalTest */,
				24FC03AD1FD6853500B79932 /* Main.storyboard */,
				24FC03B01FD6853500B79932 /* Assets.xcassets */,
				24FC03B21FD6853500B79932 /* LaunchScreen.storyboard */,
				24FC03B51FD6853500B79932 /* Info.plist */,
			);
			path = SwiftDemo;
			sourceTree = "<group>";
		};
		24FC03BD1FD6853500B79932 /* SwiftDemoTests */ = {
			isa = PBXGroup;
			children = (
				24FC03BE1FD6853500B79932 /* SwiftDemoTests.swift */,
				24FC03C01FD6853500B79932 /* Info.plist */,
			);
			path = SwiftDemoTests;
			sourceTree = "<group>";
		};
		24FC03C81FD6853500B79932 /* SwiftDemoUITests */ = {
			isa = PBXGroup;
			children = (
				24FC03C91FD6853500B79932 /* SwiftDemoUITests.swift */,
				24FC03CB1FD6853500B79932 /* Info.plist */,
			);
			path = SwiftDemoUITests;
			sourceTree = "<group>";
		};
		24FC03D71FD68B3700B79932 /* EvalTest */ = {
			isa = PBXGroup;
			children = (
				24FC03D81FD68B4F00B79932 /* TestViewController.swift */,
				24F663331FDBB73900860C94 /* TestTableViewCell.swift */,
			);
			path = EvalTest;
			sourceTree = "<group>";
		};
/* End PBXGroup section */

/* Begin PBXNativeTarget section */
		24FC03A51FD6853400B79932 /* SwiftDemo */ = {
			isa = PBXNativeTarget;
			buildConfigurationList = 24FC03CE1FD6853500B79932 /* Build configuration list for PBXNativeTarget "SwiftDemo" */;
			buildPhases = (
				24FC03A21FD6853400B79932 /* Sources */,
				24FC03A31FD6853400B79932 /* Frameworks */,
				24FC03A41FD6853400B79932 /* Resources */,
			);
			buildRules = (
			);
			dependencies = (
			);
			name = SwiftDemo;
			productName = SwiftDemo;
			productReference = 24FC03A61FD6853400B79932 /* SwiftDemo.app */;
			productType = "com.apple.product-type.application";
		};
		24FC03B91FD6853500B79932 /* SwiftDemoTests */ = {
			isa = PBXNativeTarget;
			buildConfigurationList = 24FC03D11FD6853500B79932 /* Build configuration list for PBXNativeTarget "SwiftDemoTests" */;
			buildPhases = (
				24FC03B61FD6853500B79932 /* Sources */,
				24FC03B71FD6853500B79932 /* Frameworks */,
				24FC03B81FD6853500B79932 /* Resources */,
			);
			buildRules = (
			);
			dependencies = (
				24FC03BC1FD6853500B79932 /* PBXTargetDependency */,
			);
			name = SwiftDemoTests;
			productName = SwiftDemoTests;
			productReference = 24FC03BA1FD6853500B79932 /* SwiftDemoTests.xctest */;
			productType = "com.apple.product-type.bundle.unit-test";
		};
		24FC03C41FD6853500B79932 /* SwiftDemoUITests */ = {
			isa = PBXNativeTarget;
			buildConfigurationList = 24FC03D41FD6853500B79932 /* Build configuration list for PBXNativeTarget "SwiftDemoUITests" */;
			buildPhases = (
				24FC03C11FD6853500B79932 /* Sources */,
				24FC03C21FD6853500B79932 /* Frameworks */,
				24FC03C31FD6853500B79932 /* Resources */,
			);
			buildRules = (
			);
			dependencies = (
				24FC03C71FD6853500B79932 /* PBXTargetDependency */,
			);
			name = SwiftDemoUITests;
			productName = SwiftDemoUITests;
			productReference = 24FC03C51FD6853500B79932 /* SwiftDemoUITests.xctest */;
			productType = "com.apple.product-type.bundle.ui-testing";
		};
/* End PBXNativeTarget section */

/* Begin PBXProject section */
		24FC039E1FD6853400B79932 /* Project object */ = {
			isa = PBXProject;
			attributes = {
				LastSwiftUpdateCheck = 0920;
				LastUpgradeCheck = 0920;
				ORGANIZATIONNAME = Attu;
				TargetAttributes = {
					24FC03A51FD6853400B79932 = {
						CreatedOnToolsVersion = 9.2;
						LastSwiftMigration = 0930;
						ProvisioningStyle = Automatic;
					};
					24FC03B91FD6853500B79932 = {
						CreatedOnToolsVersion = 9.2;
						ProvisioningStyle = Automatic;
						TestTargetID = 24FC03A51FD6853400B79932;
					};
					24FC03C41FD6853500B79932 = {
						CreatedOnToolsVersion = 9.2;
						ProvisioningStyle = Automatic;
						TestTargetID = 24FC03A51FD6853400B79932;
					};
				};
			};
			buildConfigurationList = 24FC03A11FD6853400B79932 /* Build configuration list for PBXProject "SwiftDemo" */;
			compatibilityVersion = "Xcode 8.0";
			developmentRegion = en;
			hasScannedForEncodings = 0;
			knownRegions = (
				en,
				Base,
			);
			mainGroup = 24FC039D1FD6853400B79932;
			productRefGroup = 24FC03A71FD6853400B79932 /* Products */;
			projectDirPath = "";
			projectRoot = "";
			targets = (
				24FC03A51FD6853400B79932 /* SwiftDemo */,
				24FC03B91FD6853500B79932 /* SwiftDemoTests */,
				24FC03C41FD6853500B79932 /* SwiftDemoUITests */,
			);
		};
/* End PBXProject section */

/* Begin PBXResourcesBuildPhase section */
		24FC03A41FD6853400B79932 /* Resources */ = {
			isa = PBXResourcesBuildPhase;
			buildActionMask = 2147483647;
			files = (
				24FC03B41FD6853500B79932 /* LaunchScreen.storyboard in Resources */,
				0416E67C2A8C74A1002B570A /* native_cn.res in Resources */,
				24FC03B11FD6853500B79932 /* Assets.xcassets in Resources */,
				0416E67E2A8C74A1002B570A /* native.res in Resources */,
				24F0681D2088977700944108 /* EvalEngine.bundle in Resources */,
				24FC03AF1FD6853500B79932 /* Main.storyboard in Resources */,
			);
			runOnlyForDeploymentPostprocessing = 0;
		};
		24FC03B81FD6853500B79932 /* Resources */ = {
			isa = PBXResourcesBuildPhase;
			buildActionMask = 2147483647;
			files = (
			);
			runOnlyForDeploymentPostprocessing = 0;
		};
		24FC03C31FD6853500B79932 /* Resources */ = {
			isa = PBXResourcesBuildPhase;
			buildActionMask = 2147483647;
			files = (
			);
			runOnlyForDeploymentPostprocessing = 0;
		};
/* End PBXResourcesBuildPhase section */

/* Begin PBXSourcesBuildPhase section */
		24FC03A21FD6853400B79932 /* Sources */ = {
			isa = PBXSourcesBuildPhase;
			buildActionMask = 2147483647;
			files = (
				24F0681F2088987F00944108 /* Test.mm in Sources */,
				24FC03AC1FD6853400B79932 /* ViewController.swift in Sources */,
				24F663341FDBB73900860C94 /* TestTableViewCell.swift in Sources */,
				24FC03AA1FD6853400B79932 /* AppDelegate.swift in Sources */,
				24FC03D91FD68B4F00B79932 /* TestViewController.swift in Sources */,
			);
			runOnlyForDeploymentPostprocessing = 0;
		};
		24FC03B61FD6853500B79932 /* Sources */ = {
			isa = PBXSourcesBuildPhase;
			buildActionMask = 2147483647;
			files = (
				24FC03BF1FD6853500B79932 /* SwiftDemoTests.swift in Sources */,
			);
			runOnlyForDeploymentPostprocessing = 0;
		};
		24FC03C11FD6853500B79932 /* Sources */ = {
			isa = PBXSourcesBuildPhase;
			buildActionMask = 2147483647;
			files = (
				24FC03CA1FD6853500B79932 /* SwiftDemoUITests.swift in Sources */,
			);
			runOnlyForDeploymentPostprocessing = 0;
		};
/* End PBXSourcesBuildPhase section */

/* Begin PBXTargetDependency section */
		24FC03BC1FD6853500B79932 /* PBXTargetDependency */ = {
			isa = PBXTargetDependency;
			target = 24FC03A51FD6853400B79932 /* SwiftDemo */;
			targetProxy = 24FC03BB1FD6853500B79932 /* PBXContainerItemProxy */;
		};
		24FC03C71FD6853500B79932 /* PBXTargetDependency */ = {
			isa = PBXTargetDependency;
			target = 24FC03A51FD6853400B79932 /* SwiftDemo */;
			targetProxy = 24FC03C61FD6853500B79932 /* PBXContainerItemProxy */;
		};
/* End PBXTargetDependency section */

/* Begin PBXVariantGroup section */
		24FC03AD1FD6853500B79932 /* Main.storyboard */ = {
			isa = PBXVariantGroup;
			children = (
				24FC03AE1FD6853500B79932 /* Base */,
			);
			name = Main.storyboard;
			sourceTree = "<group>";
		};
		24FC03B21FD6853500B79932 /* LaunchScreen.storyboard */ = {
			isa = PBXVariantGroup;
			children = (
				24FC03B31FD6853500B79932 /* Base */,
			);
			name = LaunchScreen.storyboard;
			sourceTree = "<group>";
		};
/* End PBXVariantGroup section */

/* Begin XCBuildConfiguration section */
		24FC03CC1FD6853500B79932 /* Debug */ = {
			isa = XCBuildConfiguration;
			buildSettings = {
				ALWAYS_SEARCH_USER_PATHS = NO;
				CLANG_ANALYZER_NONNULL = YES;
				CLANG_ANALYZER_NUMBER_OBJECT_CONVERSION = YES_AGGRESSIVE;
				CLANG_CXX_LANGUAGE_STANDARD = "gnu++14";
				CLANG_CXX_LIBRARY = "libc++";
				CLANG_ENABLE_MODULES = YES;
				CLANG_ENABLE_OBJC_ARC = YES;
				CLANG_WARN_BLOCK_CAPTURE_AUTORELEASING = YES;
				CLANG_WARN_BOOL_CONVERSION = YES;
				CLANG_WARN_COMMA = YES;
				CLANG_WARN_CONSTANT_CONVERSION = YES;
				CLANG_WARN_DIRECT_OBJC_ISA_USAGE = YES_ERROR;
				CLANG_WARN_DOCUMENTATION_COMMENTS = YES;
				CLANG_WARN_EMPTY_BODY = YES;
				CLANG_WARN_ENUM_CONVERSION = YES;
				CLANG_WARN_INFINITE_RECURSION = YES;
				CLANG_WARN_INT_CONVERSION = YES;
				CLANG_WARN_NON_LITERAL_NULL_CONVERSION = YES;
				CLANG_WARN_OBJC_LITERAL_CONVERSION = YES;
				CLANG_WARN_OBJC_ROOT_CLASS = YES_ERROR;
				CLANG_WARN_RANGE_LOOP_ANALYSIS = YES;
				CLANG_WARN_STRICT_PROTOTYPES = YES;
				CLANG_WARN_SUSPICIOUS_MOVE = YES;
				CLANG_WARN_UNGUARDED_AVAILABILITY = YES_AGGRESSIVE;
				CLANG_WARN_UNREACHABLE_CODE = YES;
				CLANG_WARN__DUPLICATE_METHOD_MATCH = YES;
				CODE_SIGN_IDENTITY = "iPhone Developer";
				COPY_PHASE_STRIP = NO;
				DEBUG_INFORMATION_FORMAT = dwarf;
				ENABLE_STRICT_OBJC_MSGSEND = YES;
				ENABLE_TESTABILITY = YES;
				GCC_C_LANGUAGE_STANDARD = gnu11;
				GCC_DYNAMIC_NO_PIC = NO;
				GCC_NO_COMMON_BLOCKS = YES;
				GCC_OPTIMIZATION_LEVEL = 0;
				GCC_PREPROCESSOR_DEFINITIONS = (
					"DEBUG=1",
					"$(inherited)",
				);
				GCC_WARN_64_TO_32_BIT_CONVERSION = YES;
				GCC_WARN_ABOUT_RETURN_TYPE = YES_ERROR;
				GCC_WARN_UNDECLARED_SELECTOR = YES;
				GCC_WARN_UNINITIALIZED_AUTOS = YES_AGGRESSIVE;
				GCC_WARN_UNUSED_FUNCTION = YES;
				GCC_WARN_UNUSED_VARIABLE = YES;
				IPHONEOS_DEPLOYMENT_TARGET = 11.2;
				MTL_ENABLE_DEBUG_INFO = YES;
				ONLY_ACTIVE_ARCH = YES;
				SDKROOT = iphoneos;
				SWIFT_ACTIVE_COMPILATION_CONDITIONS = DEBUG;
				SWIFT_OPTIMIZATION_LEVEL = "-Onone";
			};
			name = Debug;
		};
		24FC03CD1FD6853500B79932 /* Release */ = {
			isa = XCBuildConfiguration;
			buildSettings = {
				ALWAYS_SEARCH_USER_PATHS = NO;
				CLANG_ANALYZER_NONNULL = YES;
				CLANG_ANALYZER_NUMBER_OBJECT_CONVERSION = YES_AGGRESSIVE;
				CLANG_CXX_LANGUAGE_STANDARD = "gnu++14";
				CLANG_CXX_LIBRARY = "libc++";
				CLANG_ENABLE_MODULES = YES;
				CLANG_ENABLE_OBJC_ARC = YES;
				CLANG_WARN_BLOCK_CAPTURE_AUTORELEASING = YES;
				CLANG_WARN_BOOL_CONVERSION = YES;
				CLANG_WARN_COMMA = YES;
				CLANG_WARN_CONSTANT_CONVERSION = YES;
				CLANG_WARN_DIRECT_OBJC_ISA_USAGE = YES_ERROR;
				CLANG_WARN_DOCUMENTATION_COMMENTS = YES;
				CLANG_WARN_EMPTY_BODY = YES;
				CLANG_WARN_ENUM_CONVERSION = YES;
				CLANG_WARN_INFINITE_RECURSION = YES;
				CLANG_WARN_INT_CONVERSION = YES;
				CLANG_WARN_NON_LITERAL_NULL_CONVERSION = YES;
				CLANG_WARN_OBJC_LITERAL_CONVERSION = YES;
				CLANG_WARN_OBJC_ROOT_CLASS = YES_ERROR;
				CLANG_WARN_RANGE_LOOP_ANALYSIS = YES;
				CLANG_WARN_STRICT_PROTOTYPES = YES;
				CLANG_WARN_SUSPICIOUS_MOVE = YES;
				CLANG_WARN_UNGUARDED_AVAILABILITY = YES_AGGRESSIVE;
				CLANG_WARN_UNREACHABLE_CODE = YES;
				CLANG_WARN__DUPLICATE_METHOD_MATCH = YES;
				CODE_SIGN_IDENTITY = "iPhone Developer";
				COPY_PHASE_STRIP = NO;
				DEBUG_INFORMATION_FORMAT = "dwarf-with-dsym";
				ENABLE_NS_ASSERTIONS = NO;
				ENABLE_STRICT_OBJC_MSGSEND = YES;
				GCC_C_LANGUAGE_STANDARD = gnu11;
				GCC_NO_COMMON_BLOCKS = YES;
				GCC_WARN_64_TO_32_BIT_CONVERSION = YES;
				GCC_WARN_ABOUT_RETURN_TYPE = YES_ERROR;
				GCC_WARN_UNDECLARED_SELECTOR = YES;
				GCC_WARN_UNINITIALIZED_AUTOS = YES_AGGRESSIVE;
				GCC_WARN_UNUSED_FUNCTION = YES;
				GCC_WARN_UNUSED_VARIABLE = YES;
				IPHONEOS_DEPLOYMENT_TARGET = 11.2;
				MTL_ENABLE_DEBUG_INFO = NO;
				SDKROOT = iphoneos;
				SWIFT_OPTIMIZATION_LEVEL = "-Owholemodule";
				VALIDATE_PRODUCT = YES;
			};
			name = Release;
		};
		24FC03CF1FD6853500B79932 /* Debug */ = {
			isa = XCBuildConfiguration;
			buildSettings = {
				ASSETCATALOG_COMPILER_APPICON_NAME = AppIcon;
				CLANG_ENABLE_MODULES = YES;
				CODE_SIGN_STYLE = Automatic;
				DEVELOPMENT_TEAM = H9MV344VVX;
				FRAMEWORK_SEARCH_PATHS = (
					"$(inherited)",
					"$(PROJECT_DIR)/SwiftDemo",
					"$(PROJECT_DIR)/SwiftDemo/EvalEngine",
				);
				GCC_INPUT_FILETYPE = automatic;
				INFOPLIST_FILE = SwiftDemo/Info.plist;
				IPHONEOS_DEPLOYMENT_TARGET = 9.0;
				LD_RUNPATH_SEARCH_PATHS = "$(inherited) @executable_path/Frameworks";
				LIBRARY_SEARCH_PATHS = "$(PROJECT_DIR)/SwiftDemo/EvalEngine";
				OTHER_LDFLAGS = "-all_load";
				PRODUCT_BUNDLE_IDENTIFIER = com.speechsuper.SwiftDemo002;
				PRODUCT_NAME = "$(TARGET_NAME)";
				SWIFT_INCLUDE_PATHS = "";
				SWIFT_OBJC_BRIDGING_HEADER = "SwiftDemo/EvalEngine/swiftdemo-Bridging-Header.h";
				SWIFT_OPTIMIZATION_LEVEL = "-Onone";
				SWIFT_VERSION = 4.0;
				TARGETED_DEVICE_FAMILY = "1,2";
			};
			name = Debug;
		};
		24FC03D01FD6853500B79932 /* Release */ = {
			isa = XCBuildConfiguration;
			buildSettings = {
				ASSETCATALOG_COMPILER_APPICON_NAME = AppIcon;
				CLANG_ENABLE_MODULES = YES;
				CODE_SIGN_STYLE = Automatic;
				DEVELOPMENT_TEAM = H9MV344VVX;
				FRAMEWORK_SEARCH_PATHS = (
					"$(inherited)",
					"$(PROJECT_DIR)/SwiftDemo",
					"$(PROJECT_DIR)/SwiftDemo/EvalEngine",
				);
				GCC_INPUT_FILETYPE = automatic;
				INFOPLIST_FILE = SwiftDemo/Info.plist;
				IPHONEOS_DEPLOYMENT_TARGET = 9.0;
				LD_RUNPATH_SEARCH_PATHS = "$(inherited) @executable_path/Frameworks";
				LIBRARY_SEARCH_PATHS = "$(PROJECT_DIR)/SwiftDemo/EvalEngine";
				OTHER_LDFLAGS = "-all_load";
				PRODUCT_BUNDLE_IDENTIFIER = com.speechsuper.SwiftDemo002;
				PRODUCT_NAME = "$(TARGET_NAME)";
				SWIFT_INCLUDE_PATHS = "";
				SWIFT_OBJC_BRIDGING_HEADER = "SwiftDemo/EvalEngine/swiftdemo-Bridging-Header.h";
				SWIFT_VERSION = 4.0;
				TARGETED_DEVICE_FAMILY = "1,2";
			};
			name = Release;
		};
		24FC03D21FD6853500B79932 /* Debug */ = {
			isa = XCBuildConfiguration;
			buildSettings = {
				ALWAYS_EMBED_SWIFT_STANDARD_LIBRARIES = YES;
				BUNDLE_LOADER = "$(TEST_HOST)";
				CODE_SIGN_STYLE = Automatic;
				INFOPLIST_FILE = SwiftDemoTests/Info.plist;
				LD_RUNPATH_SEARCH_PATHS = "$(inherited) @executable_path/Frameworks @loader_path/Frameworks";
				PRODUCT_BUNDLE_IDENTIFIER = com.speechsuper.SwiftDemoTests;
				PRODUCT_NAME = "$(TARGET_NAME)";
				SWIFT_VERSION = 4.0;
				TARGETED_DEVICE_FAMILY = "1,2";
				TEST_HOST = "$(BUILT_PRODUCTS_DIR)/SwiftDemo.app/SwiftDemo";
			};
			name = Debug;
		};
		24FC03D31FD6853500B79932 /* Release */ = {
			isa = XCBuildConfiguration;
			buildSettings = {
				ALWAYS_EMBED_SWIFT_STANDARD_LIBRARIES = YES;
				BUNDLE_LOADER = "$(TEST_HOST)";
				CODE_SIGN_STYLE = Automatic;
				INFOPLIST_FILE = SwiftDemoTests/Info.plist;
				LD_RUNPATH_SEARCH_PATHS = "$(inherited) @executable_path/Frameworks @loader_path/Frameworks";
				PRODUCT_BUNDLE_IDENTIFIER = com.speechsuper.SwiftDemoTests;
				PRODUCT_NAME = "$(TARGET_NAME)";
				SWIFT_VERSION = 4.0;
				TARGETED_DEVICE_FAMILY = "1,2";
				TEST_HOST = "$(BUILT_PRODUCTS_DIR)/SwiftDemo.app/SwiftDemo";
			};
			name = Release;
		};
		24FC03D51FD6853500B79932 /* Debug */ = {
			isa = XCBuildConfiguration;
			buildSettings = {
				ALWAYS_EMBED_SWIFT_STANDARD_LIBRARIES = YES;
				CODE_SIGN_STYLE = Automatic;
				INFOPLIST_FILE = SwiftDemoUITests/Info.plist;
				LD_RUNPATH_SEARCH_PATHS = "$(inherited) @executable_path/Frameworks @loader_path/Frameworks";
				PRODUCT_BUNDLE_IDENTIFIER = com.speechsuper.SwiftDemoUITests;
				PRODUCT_NAME = "$(TARGET_NAME)";
				SWIFT_VERSION = 4.0;
				TARGETED_DEVICE_FAMILY = "1,2";
				TEST_TARGET_NAME = SwiftDemo;
			};
			name = Debug;
		};
		24FC03D61FD6853500B79932 /* Release */ = {
			isa = XCBuildConfiguration;
			buildSettings = {
				ALWAYS_EMBED_SWIFT_STANDARD_LIBRARIES = YES;
				CODE_SIGN_STYLE = Automatic;
				INFOPLIST_FILE = SwiftDemoUITests/Info.plist;
				LD_RUNPATH_SEARCH_PATHS = "$(inherited) @executable_path/Frameworks @loader_path/Frameworks";
				PRODUCT_BUNDLE_IDENTIFIER = com.speechsuper.SwiftDemoUITests;
				PRODUCT_NAME = "$(TARGET_NAME)";
				SWIFT_VERSION = 4.0;
				TARGETED_DEVICE_FAMILY = "1,2";
				TEST_TARGET_NAME = SwiftDemo;
			};
			name = Release;
		};
/* End XCBuildConfiguration section */

/* Begin XCConfigurationList section */
		24FC03A11FD6853400B79932 /* Build configuration list for PBXProject "SwiftDemo" */ = {
			isa = XCConfigurationList;
			buildConfigurations = (
				24FC03CC1FD6853500B79932 /* Debug */,
				24FC03CD1FD6853500B79932 /* Release */,
			);
			defaultConfigurationIsVisible = 0;
			defaultConfigurationName = Release;
		};
		24FC03CE1FD6853500B79932 /* Build configuration list for PBXNativeTarget "SwiftDemo" */ = {
			isa = XCConfigurationList;
			buildConfigurations = (
				24FC03CF1FD6853500B79932 /* Debug */,
				24FC03D01FD6853500B79932 /* Release */,
			);
			defaultConfigurationIsVisible = 0;
			defaultConfigurationName = Release;
		};
		24FC03D11FD6853500B79932 /* Build configuration list for PBXNativeTarget "SwiftDemoTests" */ = {
			isa = XCConfigurationList;
			buildConfigurations = (
				24FC03D21FD6853500B79932 /* Debug */,
				24FC03D31FD6853500B79932 /* Release */,
			);
			defaultConfigurationIsVisible = 0;
			defaultConfigurationName = Release;
		};
		24FC03D41FD6853500B79932 /* Build configuration list for PBXNativeTarget "SwiftDemoUITests" */ = {
			isa = XCConfigurationList;
			buildConfigurations = (
				24FC03D51FD6853500B79932 /* Debug */,
				24FC03D61FD6853500B79932 /* Release */,
			);
			defaultConfigurationIsVisible = 0;
			defaultConfigurationName = Release;
		};
/* End XCConfigurationList section */
	};
	rootObject = 24FC039E1FD6853400B79932 /* Project object */;
}
